
Microsoft Visual Studio Solution File, Format Version 12.00
# Visual Studio Version 17
VisualStudioVersion = 17.5.33424.131
MinimumVisualStudioVersion = 10.0.40219.1
Project("{9A19103F-16F7-4668-BE54-9A1E7A4F7556}") = "Sunday.Module", "Sunday.Module\Sunday.Module.csproj", "{4FB788A1-6DBA-4231-A85F-693D9CB2C57E}"
EndProject
Project("{9A19103F-16F7-4668-BE54-9A1E7A4F7556}") = "Sunday.Win", "Sunday.Win\Sunday.Win.csproj", "{3C65445B-89B6-477D-B64E-B43B67DCB661}"
EndProject
Project("{9A19103F-16F7-4668-BE54-9A1E7A4F7556}") = "Sunday.Blazor.Server", "Sunday.Blazor.Server\Sunday.Blazor.Server.csproj", "{C4558B8C-2CD4-44FA-9032-04FFEA8C5350}"
EndProject
Project("{FAE04EC0-301F-11D3-BF4B-00C04F79EFBC}") = "BlazorComponents", "BlazorComponents\BlazorComponents.csproj", "{A0FFA6A4-DEA1-4017-B4E8-AC3C28FCA70D}"
EndProject
Global
	GlobalSection(SolutionConfigurationPlatforms) = preSolution
		Debug|Any CPU = Debug|Any CPU
		EasyTest|Any CPU = EasyTest|Any CPU
		Release|Any CPU = Release|Any CPU
	EndGlobalSection
	GlobalSection(ProjectConfigurationPlatforms) = postSolution
		{4FB788A1-6DBA-4231-A85F-693D9CB2C57E}.Debug|Any CPU.ActiveCfg = Debug|Any CPU
		{4FB788A1-6DBA-4231-A85F-693D9CB2C57E}.Debug|Any CPU.Build.0 = Debug|Any CPU
		{4FB788A1-6DBA-4231-A85F-693D9CB2C57E}.EasyTest|Any CPU.ActiveCfg = EasyTest|Any CPU
		{4FB788A1-6DBA-4231-A85F-693D9CB2C57E}.EasyTest|Any CPU.Build.0 = EasyTest|Any CPU
		{4FB788A1-6DBA-4231-A85F-693D9CB2C57E}.Release|Any CPU.ActiveCfg = Release|Any CPU
		{4FB788A1-6DBA-4231-A85F-693D9CB2C57E}.Release|Any CPU.Build.0 = Release|Any CPU
		{3C65445B-89B6-477D-B64E-B43B67DCB661}.Debug|Any CPU.ActiveCfg = Debug|Any CPU
		{3C65445B-89B6-477D-B64E-B43B67DCB661}.Debug|Any CPU.Build.0 = Debug|Any CPU
		{3C65445B-89B6-477D-B64E-B43B67DCB661}.EasyTest|Any CPU.ActiveCfg = EasyTest|Any CPU
		{3C65445B-89B6-477D-B64E-B43B67DCB661}.EasyTest|Any CPU.Build.0 = EasyTest|Any CPU
		{3C65445B-89B6-477D-B64E-B43B67DCB661}.Release|Any CPU.ActiveCfg = Release|Any CPU
		{3C65445B-89B6-477D-B64E-B43B67DCB661}.Release|Any CPU.Build.0 = Release|Any CPU
		{C4558B8C-2CD4-44FA-9032-04FFEA8C5350}.Debug|Any CPU.ActiveCfg = Debug|Any CPU
		{C4558B8C-2CD4-44FA-9032-04FFEA8C5350}.Debug|Any CPU.Build.0 = Debug|Any CPU
		{C4558B8C-2CD4-44FA-9032-04FFEA8C5350}.EasyTest|Any CPU.ActiveCfg = EasyTest|Any CPU
		{C4558B8C-2CD4-44FA-9032-04FFEA8C5350}.EasyTest|Any CPU.Build.0 = EasyTest|Any CPU
		{C4558B8C-2CD4-44FA-9032-04FFEA8C5350}.Release|Any CPU.ActiveCfg = Release|Any CPU
		{C4558B8C-2CD4-44FA-9032-04FFEA8C5350}.Release|Any CPU.Build.0 = Release|Any CPU
		{A0FFA6A4-DEA1-4017-B4E8-AC3C28FCA70D}.Debug|Any CPU.ActiveCfg = Debug|Any CPU
		{A0FFA6A4-DEA1-4017-B4E8-AC3C28FCA70D}.Debug|Any CPU.Build.0 = Debug|Any CPU
		{A0FFA6A4-DEA1-4017-B4E8-AC3C28FCA70D}.EasyTest|Any CPU.ActiveCfg = Debug|Any CPU
		{A0FFA6A4-DEA1-4017-B4E8-AC3C28FCA70D}.EasyTest|Any CPU.Build.0 = Debug|Any CPU
		{A0FFA6A4-DEA1-4017-B4E8-AC3C28FCA70D}.Release|Any CPU.ActiveCfg = Release|Any CPU
		{A0FFA6A4-DEA1-4017-B4E8-AC3C28FCA70D}.Release|Any CPU.Build.0 = Release|Any CPU
	EndGlobalSection
	GlobalSection(SolutionProperties) = preSolution
		HideSolutionNode = FALSE
	EndGlobalSection
	GlobalSection(ExtensibilityGlobals) = postSolution
		SolutionGuid = {51D08800-CB64-498E-95FB-16DD07317A23}
	EndGlobalSection
EndGlobal
